
Microsoft Visual Studio Solution File, Format Version 12.00
# Visual Studio Version 16
VisualStudioVersion = 16.0.29230.47
MinimumVisualStudioVersion = 10.0.40219.1
Project("{8BC9CEB8-8B4A-11D0-8D11-00A0C91BC942}") = "Sandbox", "Sandbox\Sandbox.vcxproj", "{8E9B09BB-140A-4B64-A794-17E5D25FD664}"
EndProject
Project("{8BC9CEB8-8B4A-11D0-8D11-00A0C91BC942}") = "heckel", "heckel\heckel.vcxproj", "{46EC92B3-A249-402B-B663-EA01F011C4FA}"
EndProject
Global
	GlobalSection(SolutionConfigurationPlatforms) = preSolution
		Debug|x64 = Debug|x64
		Release|x64 = Release|x64
	EndGlobalSection
	GlobalSection(ProjectConfigurationPlatforms) = postSolution
		{46EC92B3-A249-402B-B663-EA01F011C4FA}.Debug|x64.ActiveCfg = Debug|x64
		{46EC92B3-A249-402B-B663-EA01F011C4FA}.Debug|x64.Build.0 = Debug|x64
		{46EC92B3-A249-402B-B663-EA01F011C4FA}.Release|x64.ActiveCfg = Release|x64
		{46EC92B3-A249-402B-B663-EA01F011C4FA}.Release|x64.Build.0 = Release|x64
		{8E9B09BB-140A-4B64-A794-17E5D25FD664}.Debug|x64.ActiveCfg = Debug|x64
		{8E9B09BB-140A-4B64-A794-17E5D25FD664}.Debug|x64.Build.0 = Debug|x64
		{8E9B09BB-140A-4B64-A794-17E5D25FD664}.Release|x64.ActiveCfg = Release|x64
		{8E9B09BB-140A-4B64-A794-17E5D25FD664}.Release|x64.Build.0 = Release|x64
	EndGlobalSection
	GlobalSection(SolutionProperties) = preSolution
		HideSolutionNode = FALSE
	EndGlobalSection
	GlobalSection(ExtensibilityGlobals) = postSolution
		SolutionGuid = {94332EB3-AFCB-43F6-9182-6D72516DA466}
	EndGlobalSection
EndGlobal
