<?xml version="1.0" encoding="utf-8"?>
<Project ToolsVersion="4.0" xmlns="http://schemas.microsoft.com/developer/msbuild/2003">
  <ItemGroup>
    <Filter Include="Heckel">
      <UniqueIdentifier>{113B2EB7-FDDC-588D-E697-6CE1D2D8DFDD}</UniqueIdentifier>
    </Filter>
    <Filter Include="Heckel\Events">
      <UniqueIdentifier>{D5A952BF-416A-CEF5-0AA5-1773762413D2}</UniqueIdentifier>
    </Filter>
  </ItemGroup>
  <ItemGroup>
    <ClInclude Include="src\Heckel.h" />
    <ClInclude Include="src\Heckel\Application.h">
      <Filter>Heckel</Filter>
    </ClInclude>
    <ClInclude Include="src\Heckel\Core.h">
      <Filter>Heckel</Filter>
    </ClInclude>
    <ClInclude Include="src\Heckel\EntryPoint.h">
      <Filter>Heckel</Filter>
    </ClInclude>
    <ClInclude Include="src\Heckel\Events\ApplicationEvent.h">
      <Filter>Heckel\Events</Filter>
    </ClInclude>
    <ClInclude Include="src\Heckel\Events\Event.h">
      <Filter>Heckel\Events</Filter>
    </ClInclude>
    <ClInclude Include="src\Heckel\Events\KeyEvent.h">
      <Filter>Heckel\Events</Filter>
    </ClInclude>
    <ClInclude Include="src\Heckel\Events\MouseEvent.h">
      <Filter>Heckel\Events</Filter>
    </ClInclude>
    <ClInclude Include="src\Heckel\Log.h">
      <Filter>Heckel</Filter>
    </ClInclude>
  </ItemGroup>
  <ItemGroup>
    <ClCompile Include="src\Heckel\Application.cpp">
      <Filter>Heckel</Filter>
    </ClCompile>
    <ClCompile Include="src\Heckel\Log.cpp">
      <Filter>Heckel</Filter>
    </ClCompile>
  </ItemGroup>
</Project>